
Microsoft Visual Studio Solution File, Format Version 12.00
# Visual Studio 15
VisualStudioVersion = 15.0.26430.16
MinimumVisualStudioVersion = 10.0.40219.1
Project("{FAE04EC0-301F-11D3-BF4B-00C04F79EFBC}") = "MotorTributarioNet", "MotorTributarioNet\MotorTributarioNet.csproj", "{CC58CE17-1419-40DA-B219-0CA65648974E}"
EndProject
Project("{FAE04EC0-301F-11D3-BF4B-00C04F79EFBC}") = "TestMotorTributarioNet", "TestMotorTributarioNet\TestMotorTributarioNet.csproj", "{B9CD0A74-7B22-4823-BA5D-424E2AD2C713}"
EndProject
Global
	GlobalSection(SolutionConfigurationPlatforms) = preSolution
		Debug|Any CPU = Debug|Any CPU
		Release|Any CPU = Release|Any CPU
	EndGlobalSection
	GlobalSection(ProjectConfigurationPlatforms) = postSolution
		{CC58CE17-1419-40DA-B219-0CA65648974E}.Debug|Any CPU.ActiveCfg = Debug|Any CPU
		{CC58CE17-1419-40DA-B219-0CA65648974E}.Debug|Any CPU.Build.0 = Debug|Any CPU
		{CC58CE17-1419-40DA-B219-0CA65648974E}.Release|Any CPU.ActiveCfg = Release|Any CPU
		{CC58CE17-1419-40DA-B219-0CA65648974E}.Release|Any CPU.Build.0 = Release|Any CPU
		{B9CD0A74-7B22-4823-BA5D-424E2AD2C713}.Debug|Any CPU.ActiveCfg = Debug|Any CPU
		{B9CD0A74-7B22-4823-BA5D-424E2AD2C713}.Debug|Any CPU.Build.0 = Debug|Any CPU
		{B9CD0A74-7B22-4823-BA5D-424E2AD2C713}.Release|Any CPU.ActiveCfg = Release|Any CPU
		{B9CD0A74-7B22-4823-BA5D-424E2AD2C713}.Release|Any CPU.Build.0 = Release|Any CPU
	EndGlobalSection
	GlobalSection(SolutionProperties) = preSolution
		HideSolutionNode = FALSE
	EndGlobalSection
EndGlobal
