
Microsoft Visual Studio Solution File, Format Version 12.00
# Visual Studio 15
VisualStudioVersion = 15.0.26730.12
MinimumVisualStudioVersion = 10.0.40219.1
Project("{FAE04EC0-301F-11D3-BF4B-00C04F79EFBC}") = "MotorTributarioNet", "MotorTributarioNet\MotorTributarioNet.csproj", "{CC58CE17-1419-40DA-B219-0CA65648974E}"
EndProject
Project("{FAE04EC0-301F-11D3-BF4B-00C04F79EFBC}") = "TestMotorTributarioNet", "TestMotorTributarioNet\TestMotorTributarioNet.csproj", "{B9CD0A74-7B22-4823-BA5D-424E2AD2C713}"
EndProject
Project("{9A19103F-16F7-4668-BE54-9A1E7A4F7556}") = "MotorTributarioNetStandard2", "MotorTributarioNetStandard2\MotorTributarioNetStandard2.csproj", "{CEDA13DA-F305-47DE-8542-81325032D12E}"
EndProject
Global
	GlobalSection(SolutionConfigurationPlatforms) = preSolution
		Debug|Any CPU = Debug|Any CPU
		Release|Any CPU = Release|Any CPU
	EndGlobalSection
	GlobalSection(ProjectConfigurationPlatforms) = postSolution
		{CC58CE17-1419-40DA-B219-0CA65648974E}.Debug|Any CPU.ActiveCfg = Debug|Any CPU
		{CC58CE17-1419-40DA-B219-0CA65648974E}.Debug|Any CPU.Build.0 = Debug|Any CPU
		{CC58CE17-1419-40DA-B219-0CA65648974E}.Release|Any CPU.ActiveCfg = Release|Any CPU
		{CC58CE17-1419-40DA-B219-0CA65648974E}.Release|Any CPU.Build.0 = Release|Any CPU
		{B9CD0A74-7B22-4823-BA5D-424E2AD2C713}.Debug|Any CPU.ActiveCfg = Debug|Any CPU
		{B9CD0A74-7B22-4823-BA5D-424E2AD2C713}.Debug|Any CPU.Build.0 = Debug|Any CPU
		{B9CD0A74-7B22-4823-BA5D-424E2AD2C713}.Release|Any CPU.ActiveCfg = Release|Any CPU
		{B9CD0A74-7B22-4823-BA5D-424E2AD2C713}.Release|Any CPU.Build.0 = Release|Any CPU
		{CEDA13DA-F305-47DE-8542-81325032D12E}.Debug|Any CPU.ActiveCfg = Debug|Any CPU
		{CEDA13DA-F305-47DE-8542-81325032D12E}.Debug|Any CPU.Build.0 = Debug|Any CPU
		{CEDA13DA-F305-47DE-8542-81325032D12E}.Release|Any CPU.ActiveCfg = Release|Any CPU
		{CEDA13DA-F305-47DE-8542-81325032D12E}.Release|Any CPU.Build.0 = Release|Any CPU
	EndGlobalSection
	GlobalSection(SolutionProperties) = preSolution
		HideSolutionNode = FALSE
	EndGlobalSection
	GlobalSection(ExtensibilityGlobals) = postSolution
		SolutionGuid = {5F43D6AA-31BD-4074-AD53-8AB3DE59B4ED}
	EndGlobalSection
EndGlobal
